
Microsoft Visual Studio Solution File, Format Version 12.00
# Visual Studio Version 16
VisualStudioVersion = 16.0.30011.22
MinimumVisualStudioVersion = 10.0.40219.1
Project("{FAE04EC0-301F-11D3-BF4B-00C04F79EFBC}") = "DevCom.CustomGIS.Interface", "DevCom.CustomGIS.Interface\DevCom.CustomGIS.Interface.csproj", "{FC8A46DD-83D5-4567-8B0F-9A239637B0D5}"
EndProject
Project("{9A19103F-16F7-4668-BE54-9A1E7A4F7556}") = "DevCom.OpenGIS.App", "DevCom.OpenGIS.App\DevCom.OpenGIS.App.csproj", "{2B3594F5-095C-40F1-B53E-E04AEC140C8E}"
EndProject
Global
	GlobalSection(SolutionConfigurationPlatforms) = preSolution
		Debug|Any CPU = Debug|Any CPU
		Release|Any CPU = Release|Any CPU
	EndGlobalSection
	GlobalSection(ProjectConfigurationPlatforms) = postSolution
		{FC8A46DD-83D5-4567-8B0F-9A239637B0D5}.Debug|Any CPU.ActiveCfg = Debug|Any CPU
		{FC8A46DD-83D5-4567-8B0F-9A239637B0D5}.Debug|Any CPU.Build.0 = Debug|Any CPU
		{FC8A46DD-83D5-4567-8B0F-9A239637B0D5}.Release|Any CPU.ActiveCfg = Release|Any CPU
		{FC8A46DD-83D5-4567-8B0F-9A239637B0D5}.Release|Any CPU.Build.0 = Release|Any CPU
		{2B3594F5-095C-40F1-B53E-E04AEC140C8E}.Debug|Any CPU.ActiveCfg = Debug|Any CPU
		{2B3594F5-095C-40F1-B53E-E04AEC140C8E}.Debug|Any CPU.Build.0 = Debug|Any CPU
		{2B3594F5-095C-40F1-B53E-E04AEC140C8E}.Release|Any CPU.ActiveCfg = Release|Any CPU
		{2B3594F5-095C-40F1-B53E-E04AEC140C8E}.Release|Any CPU.Build.0 = Release|Any CPU
	EndGlobalSection
	GlobalSection(SolutionProperties) = preSolution
		HideSolutionNode = FALSE
	EndGlobalSection
	GlobalSection(ExtensibilityGlobals) = postSolution
		SolutionGuid = {C82D1D5E-0EC0-4F17-9C53-C5C3142CEDC3}
	EndGlobalSection
EndGlobal
